
Microsoft Visual Studio Solution File, Format Version 12.00
# Visual Studio Version 17
VisualStudioVersion = 17.5.33502.453
MinimumVisualStudioVersion = 10.0.40219.1
Project("{FAE04EC0-301F-11D3-BF4B-00C04F79EFBC}") = "BW_to_WandAlpha", "BW_to_WandAlpha.csproj", "{53979828-286A-441B-87F5-C31D2C7E32A0}"
EndProject
Global
	GlobalSection(SolutionConfigurationPlatforms) = preSolution
		Debug|Any CPU = Debug|Any CPU
		Release|Any CPU = Release|Any CPU
	EndGlobalSection
	GlobalSection(ProjectConfigurationPlatforms) = postSolution
		{53979828-286A-441B-87F5-C31D2C7E32A0}.Debug|Any CPU.ActiveCfg = Debug|Any CPU
		{53979828-286A-441B-87F5-C31D2C7E32A0}.Debug|Any CPU.Build.0 = Debug|Any CPU
		{53979828-286A-441B-87F5-C31D2C7E32A0}.Release|Any CPU.ActiveCfg = Release|Any CPU
		{53979828-286A-441B-87F5-C31D2C7E32A0}.Release|Any CPU.Build.0 = Release|Any CPU
	EndGlobalSection
	GlobalSection(SolutionProperties) = preSolution
		HideSolutionNode = FALSE
	EndGlobalSection
	GlobalSection(ExtensibilityGlobals) = postSolution
		SolutionGuid = {5CDAC055-3EF9-41EF-A60E-F986D2B2D893}
	EndGlobalSection
EndGlobal
