
Microsoft Visual Studio Solution File, Format Version 12.00
# Visual Studio Version 17
VisualStudioVersion = 17.14.36127.28 d17.14
MinimumVisualStudioVersion = 10.0.40219.1
Project("{FAE04EC0-301F-11D3-BF4B-00C04F79EFBC}") = "BW_to_WandAlpha", "BW_to_WandAlpha.csproj", "{89CEFA72-9D2C-4014-B419-E88B381C6F0F}"
EndProject
Global
	GlobalSection(SolutionConfigurationPlatforms) = preSolution
		Debug|Any CPU = Debug|Any CPU
		Release|Any CPU = Release|Any CPU
	EndGlobalSection
	GlobalSection(ProjectConfigurationPlatforms) = postSolution
		{89CEFA72-9D2C-4014-B419-E88B381C6F0F}.Debug|Any CPU.ActiveCfg = Debug|Any CPU
		{89CEFA72-9D2C-4014-B419-E88B381C6F0F}.Debug|Any CPU.Build.0 = Debug|Any CPU
		{89CEFA72-9D2C-4014-B419-E88B381C6F0F}.Release|Any CPU.ActiveCfg = Release|Any CPU
		{89CEFA72-9D2C-4014-B419-E88B381C6F0F}.Release|Any CPU.Build.0 = Release|Any CPU
	EndGlobalSection
	GlobalSection(SolutionProperties) = preSolution
		HideSolutionNode = FALSE
	EndGlobalSection
	GlobalSection(ExtensibilityGlobals) = postSolution
		SolutionGuid = {DF6319FD-A0B7-441A-97C9-1A3CCDF66021}
	EndGlobalSection
EndGlobal
